// !$*UTF8*$!
{
	archiveVersion = 1;
	classes = {
	};
	objectVersion = 56;
	objects = {

/* Begin PBXBuildFile section */
		8D1257652B041F4500079BC6 /* CordlessHandset.swift in Sources */ = {isa = PBXBuildFile; fileRef = 8D1257442B041F4500079BC6 /* CordlessHandset.swift */; };
		8D1257662B041F4500079BC6 /* Phone.swift in Sources */ = {isa = PBXBuildFile; fileRef = 8D1257452B041F4500079BC6 /* Phone.swift */; };
		8D1257672B041F4500079BC6 /* Charger.swift in Sources */ = {isa = PBXBuildFile; fileRef = 8D1257462B041F4500079BC6 /* Charger.swift */; };
		8D1257682B041F4500079BC6 /* Assets.xcassets in Resources */ = {isa = PBXBuildFile; fileRef = 8D1257482B041F4500079BC6 /* Assets.xcassets */; };
		8D1257692B041F4500079BC6 /* Preview Assets.xcassets in Resources */ = {isa = PBXBuildFile; fileRef = 8D12574A2B041F4500079BC6 /* Preview Assets.xcassets */; };
		8D12576A2B041F4500079BC6 /* CameraCoordinator.swift in Sources */ = {isa = PBXBuildFile; fileRef = 8D12574D2B041F4500079BC6 /* CameraCoordinator.swift */; };
		8D12576C2B041F4500079BC6 /* CameraViewController.swift in Sources */ = {isa = PBXBuildFile; fileRef = 8D1257502B041F4500079BC6 /* CameraViewController.swift */; };
		8D12576D2B041F4500079BC6 /* HandsetInfoDetailView.swift in Sources */ = {isa = PBXBuildFile; fileRef = 8D1257532B041F4500079BC6 /* HandsetInfoDetailView.swift */; };
		8D12576E2B041F4500079BC6 /* NoPhoneSelectedView.swift in Sources */ = {isa = PBXBuildFile; fileRef = 8D1257542B041F4500079BC6 /* NoPhoneSelectedView.swift */; };
		8D12576F2B041F4500079BC6 /* PhoneDetailView.swift in Sources */ = {isa = PBXBuildFile; fileRef = 8D1257552B041F4500079BC6 /* PhoneDetailView.swift */; };
		8D1257702B041F4500079BC6 /* ChargerInfoDetailView.swift in Sources */ = {isa = PBXBuildFile; fileRef = 8D1257562B041F4500079BC6 /* ChargerInfoDetailView.swift */; };
		8D1257712B041F4500079BC6 /* PhoneRowView.swift in Sources */ = {isa = PBXBuildFile; fileRef = 8D1257572B041F4500079BC6 /* PhoneRowView.swift */; };
		8D1257722B041F4500079BC6 /* ContentView.swift in Sources */ = {isa = PBXBuildFile; fileRef = 8D1257582B041F4500079BC6 /* ContentView.swift */; };
		8D1257732B041F4500079BC6 /* FrequenciesExplanationView.swift in Sources */ = {isa = PBXBuildFile; fileRef = 8D12575A2B041F4500079BC6 /* FrequenciesExplanationView.swift */; };
		8D1257742B041F4500079BC6 /* SoftKeyExplanationView.swift in Sources */ = {isa = PBXBuildFile; fileRef = 8D12575B2B041F4500079BC6 /* SoftKeyExplanationView.swift */; };
		8D1257752B041F4500079BC6 /* PhoneImage.swift in Sources */ = {isa = PBXBuildFile; fileRef = 8D12575C2B041F4500079BC6 /* PhoneImage.swift */; };
		8D1257762B041F4500079BC6 /* PhonePartInfoView.swift in Sources */ = {isa = PBXBuildFile; fileRef = 8D12575D2B041F4500079BC6 /* PhonePartInfoView.swift */; };
		8D1257772B041F4500079BC6 /* AntennaInfoView.swift in Sources */ = {isa = PBXBuildFile; fileRef = 8D12575E2B041F4500079BC6 /* AntennaInfoView.swift */; };
		8D1257782B041F4500079BC6 /* ChargingContactInfoView.swift in Sources */ = {isa = PBXBuildFile; fileRef = 8D12575F2B041F4500079BC6 /* ChargingContactInfoView.swift */; };
		8D1257792B041F4500079BC6 /* Globals.swift in Sources */ = {isa = PBXBuildFile; fileRef = 8D1257622B041F4500079BC6 /* Globals.swift */; };
		8D12577A2B041F4500079BC6 /* DocumentTypes.swift in Sources */ = {isa = PBXBuildFile; fileRef = 8D1257632B041F4500079BC6 /* DocumentTypes.swift */; };
		8D3D27902ABCDDF30005FEC2 /* Phone_BoothUITests.swift in Sources */ = {isa = PBXBuildFile; fileRef = 8D3D278F2ABCDDF30005FEC2 /* Phone_BoothUITests.swift */; };
		8D3D27922ABCDDF30005FEC2 /* Phone_BoothUITestsLaunchTests.swift in Sources */ = {isa = PBXBuildFile; fileRef = 8D3D27912ABCDDF30005FEC2 /* Phone_BoothUITestsLaunchTests.swift */; };
		8D505B0D2B2CF9F600690035 /* LandlineOrNotPredictor.swift in Sources */ = {isa = PBXBuildFile; fileRef = 8D505B0C2B2CF9F600690035 /* LandlineOrNotPredictor.swift */; };
		8D505B0F2B30EFCB00690035 /* LandlineOrNotV1.mlmodel in Sources */ = {isa = PBXBuildFile; fileRef = 8D505B0E2B30EFCB00690035 /* LandlineOrNotV1.mlmodel */; };
		8D505B112B323E8800690035 /* PhonePhotoViewModel.swift in Sources */ = {isa = PBXBuildFile; fileRef = 8D505B102B323E8800690035 /* PhonePhotoViewModel.swift */; };
		8D505B152B33749100690035 /* CGImagePropertyOrientationExtension.swift in Sources */ = {isa = PBXBuildFile; fileRef = 8D505B142B33749100690035 /* CGImagePropertyOrientationExtension.swift */; };
		8D5B63E32B2A520F00E86DA8 /* Collections in Frameworks */ = {isa = PBXBuildFile; productRef = 8D5B63E22B2A520F00E86DA8 /* Collections */; };
		8D5B63E52B2A520F00E86DA8 /* OrderedCollections in Frameworks */ = {isa = PBXBuildFile; productRef = 8D5B63E42B2A520F00E86DA8 /* OrderedCollections */; };
		8D64DF8E2B2105D400D7142D /* InfoText.swift in Sources */ = {isa = PBXBuildFile; fileRef = 8D64DF8D2B2105D400D7142D /* InfoText.swift */; };
		8D64DF902B21073300D7142D /* PhoneTypeDefinitionsView.swift in Sources */ = {isa = PBXBuildFile; fileRef = 8D64DF8F2B21073300D7142D /* PhoneTypeDefinitionsView.swift */; };
		8D64DF942B21119300D7142D /* WarningText.swift in Sources */ = {isa = PBXBuildFile; fileRef = 8D64DF932B21119300D7142D /* WarningText.swift */; };
		8D8D86612B283993006E9025 /* PhonePhotoError.swift in Sources */ = {isa = PBXBuildFile; fileRef = 8D8D86602B283993006E9025 /* PhonePhotoError.swift */; };
		8DE6B9662AA905CF00C42E02 /* Phone_BoothTests.swift in Sources */ = {isa = PBXBuildFile; fileRef = 8DE6B9652AA905CF00C42E02 /* Phone_BoothTests.swift */; };
		8DF1E93C2B06D45B00B6D978 /* SheftAppsStylishUI.framework in Frameworks */ = {isa = PBXBuildFile; fileRef = 8DF1E93B2B06D45B00B6D978 /* SheftAppsStylishUI.framework */; };
		8DF1E93D2B06D45B00B6D978 /* SheftAppsStylishUI.framework in Embed Frameworks */ = {isa = PBXBuildFile; fileRef = 8DF1E93B2B06D45B00B6D978 /* SheftAppsStylishUI.framework */; settings = {ATTRIBUTES = (CodeSignOnCopy, RemoveHeadersOnCopy, ); }; };
		8DFC9BF62A3BAB9D00295700 /* Phone_BoothApp.swift in Sources */ = {isa = PBXBuildFile; fileRef = 8DFC9BF52A3BAB9D00295700 /* Phone_BoothApp.swift */; };
/* End PBXBuildFile section */

/* Begin PBXContainerItemProxy section */
		8D3D27932ABCDDF30005FEC2 /* PBXContainerItemProxy */ = {
			isa = PBXContainerItemProxy;
			containerPortal = 8DFC9BEA2A3BAB9D00295700 /* Project object */;
			proxyType = 1;
			remoteGlobalIDString = 8DFC9BF12A3BAB9D00295700;
			remoteInfo = "Phone Booth";
		};
		8DE6B9672AA905CF00C42E02 /* PBXContainerItemProxy */ = {
			isa = PBXContainerItemProxy;
			containerPortal = 8DFC9BEA2A3BAB9D00295700 /* Project object */;
			proxyType = 1;
			remoteGlobalIDString = 8DFC9BF12A3BAB9D00295700;
			remoteInfo = "Phone Booth";
		};
/* End PBXContainerItemProxy section */

/* Begin PBXCopyFilesBuildPhase section */
		8DF1E93E2B06D45B00B6D978 /* Embed Frameworks */ = {
			isa = PBXCopyFilesBuildPhase;
			buildActionMask = 2147483647;
			dstPath = "";
			dstSubfolderSpec = 10;
			files = (
				8DF1E93D2B06D45B00B6D978 /* SheftAppsStylishUI.framework in Embed Frameworks */,
			);
			name = "Embed Frameworks";
			runOnlyForDeploymentPostprocessing = 0;
		};
/* End PBXCopyFilesBuildPhase section */

/* Begin PBXFileReference section */
		8D1257442B041F4500079BC6 /* CordlessHandset.swift */ = {isa = PBXFileReference; fileEncoding = 4; lastKnownFileType = sourcecode.swift; path = CordlessHandset.swift; sourceTree = "<group>"; };
		8D1257452B041F4500079BC6 /* Phone.swift */ = {isa = PBXFileReference; fileEncoding = 4; lastKnownFileType = sourcecode.swift; path = Phone.swift; sourceTree = "<group>"; };
		8D1257462B041F4500079BC6 /* Charger.swift */ = {isa = PBXFileReference; fileEncoding = 4; lastKnownFileType = sourcecode.swift; path = Charger.swift; sourceTree = "<group>"; };
		8D1257482B041F4500079BC6 /* Assets.xcassets */ = {isa = PBXFileReference; lastKnownFileType = folder.assetcatalog; path = Assets.xcassets; sourceTree = "<group>"; };
		8D12574A2B041F4500079BC6 /* Preview Assets.xcassets */ = {isa = PBXFileReference; lastKnownFileType = folder.assetcatalog; path = "Preview Assets.xcassets"; sourceTree = "<group>"; };
		8D12574D2B041F4500079BC6 /* CameraCoordinator.swift */ = {isa = PBXFileReference; fileEncoding = 4; lastKnownFileType = sourcecode.swift; path = CameraCoordinator.swift; sourceTree = "<group>"; };
		8D1257502B041F4500079BC6 /* CameraViewController.swift */ = {isa = PBXFileReference; fileEncoding = 4; lastKnownFileType = sourcecode.swift; path = CameraViewController.swift; sourceTree = "<group>"; };
		8D1257532B041F4500079BC6 /* HandsetInfoDetailView.swift */ = {isa = PBXFileReference; fileEncoding = 4; lastKnownFileType = sourcecode.swift; path = HandsetInfoDetailView.swift; sourceTree = "<group>"; };
		8D1257542B041F4500079BC6 /* NoPhoneSelectedView.swift */ = {isa = PBXFileReference; fileEncoding = 4; lastKnownFileType = sourcecode.swift; path = NoPhoneSelectedView.swift; sourceTree = "<group>"; };
		8D1257552B041F4500079BC6 /* PhoneDetailView.swift */ = {isa = PBXFileReference; fileEncoding = 4; lastKnownFileType = sourcecode.swift; path = PhoneDetailView.swift; sourceTree = "<group>"; };
		8D1257562B041F4500079BC6 /* ChargerInfoDetailView.swift */ = {isa = PBXFileReference; fileEncoding = 4; lastKnownFileType = sourcecode.swift; path = ChargerInfoDetailView.swift; sourceTree = "<group>"; };
		8D1257572B041F4500079BC6 /* PhoneRowView.swift */ = {isa = PBXFileReference; fileEncoding = 4; lastKnownFileType = sourcecode.swift; path = PhoneRowView.swift; sourceTree = "<group>"; };
		8D1257582B041F4500079BC6 /* ContentView.swift */ = {isa = PBXFileReference; fileEncoding = 4; lastKnownFileType = sourcecode.swift; path = ContentView.swift; sourceTree = "<group>"; };
		8D12575A2B041F4500079BC6 /* FrequenciesExplanationView.swift */ = {isa = PBXFileReference; fileEncoding = 4; lastKnownFileType = sourcecode.swift; path = FrequenciesExplanationView.swift; sourceTree = "<group>"; };
		8D12575B2B041F4500079BC6 /* SoftKeyExplanationView.swift */ = {isa = PBXFileReference; fileEncoding = 4; lastKnownFileType = sourcecode.swift; path = SoftKeyExplanationView.swift; sourceTree = "<group>"; };
		8D12575C2B041F4500079BC6 /* PhoneImage.swift */ = {isa = PBXFileReference; fileEncoding = 4; lastKnownFileType = sourcecode.swift; path = PhoneImage.swift; sourceTree = "<group>"; };
		8D12575D2B041F4500079BC6 /* PhonePartInfoView.swift */ = {isa = PBXFileReference; fileEncoding = 4; lastKnownFileType = sourcecode.swift; path = PhonePartInfoView.swift; sourceTree = "<group>"; };
		8D12575E2B041F4500079BC6 /* AntennaInfoView.swift */ = {isa = PBXFileReference; fileEncoding = 4; lastKnownFileType = sourcecode.swift; path = AntennaInfoView.swift; sourceTree = "<group>"; };
		8D12575F2B041F4500079BC6 /* ChargingContactInfoView.swift */ = {isa = PBXFileReference; fileEncoding = 4; lastKnownFileType = sourcecode.swift; path = ChargingContactInfoView.swift; sourceTree = "<group>"; };
		8D1257612B041F4500079BC6 /* Phone_Booth.entitlements */ = {isa = PBXFileReference; fileEncoding = 4; lastKnownFileType = text.plist.entitlements; path = Phone_Booth.entitlements; sourceTree = "<group>"; };
		8D1257622B041F4500079BC6 /* Globals.swift */ = {isa = PBXFileReference; fileEncoding = 4; lastKnownFileType = sourcecode.swift; path = Globals.swift; sourceTree = "<group>"; };
		8D1257632B041F4500079BC6 /* DocumentTypes.swift */ = {isa = PBXFileReference; fileEncoding = 4; lastKnownFileType = sourcecode.swift; path = DocumentTypes.swift; sourceTree = "<group>"; };
		8D1257642B041F4500079BC6 /* Info.plist */ = {isa = PBXFileReference; fileEncoding = 4; lastKnownFileType = text.plist.xml; path = Info.plist; sourceTree = "<group>"; };
		8D3D278D2ABCDDF30005FEC2 /* Phone BoothUITests.xctest */ = {isa = PBXFileReference; explicitFileType = wrapper.cfbundle; includeInIndex = 0; path = "Phone BoothUITests.xctest"; sourceTree = BUILT_PRODUCTS_DIR; };
		8D3D278F2ABCDDF30005FEC2 /* Phone_BoothUITests.swift */ = {isa = PBXFileReference; lastKnownFileType = sourcecode.swift; path = Phone_BoothUITests.swift; sourceTree = "<group>"; };
		8D3D27912ABCDDF30005FEC2 /* Phone_BoothUITestsLaunchTests.swift */ = {isa = PBXFileReference; lastKnownFileType = sourcecode.swift; path = Phone_BoothUITestsLaunchTests.swift; sourceTree = "<group>"; };
		8D505B0C2B2CF9F600690035 /* LandlineOrNotPredictor.swift */ = {isa = PBXFileReference; lastKnownFileType = sourcecode.swift; path = LandlineOrNotPredictor.swift; sourceTree = "<group>"; };
		8D505B0E2B30EFCB00690035 /* LandlineOrNotV1.mlmodel */ = {isa = PBXFileReference; lastKnownFileType = file.mlmodel; path = LandlineOrNotV1.mlmodel; sourceTree = "<group>"; };
		8D505B102B323E8800690035 /* PhonePhotoViewModel.swift */ = {isa = PBXFileReference; lastKnownFileType = sourcecode.swift; path = PhonePhotoViewModel.swift; sourceTree = "<group>"; };
		8D505B142B33749100690035 /* CGImagePropertyOrientationExtension.swift */ = {isa = PBXFileReference; lastKnownFileType = sourcecode.swift; path = CGImagePropertyOrientationExtension.swift; sourceTree = "<group>"; };
		8D64DF8D2B2105D400D7142D /* InfoText.swift */ = {isa = PBXFileReference; lastKnownFileType = sourcecode.swift; path = InfoText.swift; sourceTree = "<group>"; };
		8D64DF8F2B21073300D7142D /* PhoneTypeDefinitionsView.swift */ = {isa = PBXFileReference; lastKnownFileType = sourcecode.swift; path = PhoneTypeDefinitionsView.swift; sourceTree = "<group>"; };
		8D64DF932B21119300D7142D /* WarningText.swift */ = {isa = PBXFileReference; lastKnownFileType = sourcecode.swift; path = WarningText.swift; sourceTree = "<group>"; };
		8D8D86602B283993006E9025 /* PhonePhotoError.swift */ = {isa = PBXFileReference; lastKnownFileType = sourcecode.swift; path = PhonePhotoError.swift; sourceTree = "<group>"; };
		8DE6B9632AA905CF00C42E02 /* Phone BoothTests.xctest */ = {isa = PBXFileReference; explicitFileType = wrapper.cfbundle; includeInIndex = 0; path = "Phone BoothTests.xctest"; sourceTree = BUILT_PRODUCTS_DIR; };
		8DE6B9652AA905CF00C42E02 /* Phone_BoothTests.swift */ = {isa = PBXFileReference; lastKnownFileType = sourcecode.swift; path = Phone_BoothTests.swift; sourceTree = "<group>"; };
		8DF1E93B2B06D45B00B6D978 /* SheftAppsStylishUI.framework */ = {isa = PBXFileReference; explicitFileType = wrapper.framework; path = SheftAppsStylishUI.framework; sourceTree = BUILT_PRODUCTS_DIR; };
		8DFC9BF22A3BAB9D00295700 /* Phone Booth.app */ = {isa = PBXFileReference; explicitFileType = wrapper.application; includeInIndex = 0; path = "Phone Booth.app"; sourceTree = BUILT_PRODUCTS_DIR; };
		8DFC9BF52A3BAB9D00295700 /* Phone_BoothApp.swift */ = {isa = PBXFileReference; lastKnownFileType = sourcecode.swift; path = Phone_BoothApp.swift; sourceTree = "<group>"; };
/* End PBXFileReference section */

/* Begin PBXFrameworksBuildPhase section */
		8D3D278A2ABCDDF30005FEC2 /* Frameworks */ = {
			isa = PBXFrameworksBuildPhase;
			buildActionMask = 2147483647;
			files = (
			);
			runOnlyForDeploymentPostprocessing = 0;
		};
		8DE6B9602AA905CF00C42E02 /* Frameworks */ = {
			isa = PBXFrameworksBuildPhase;
			buildActionMask = 2147483647;
			files = (
			);
			runOnlyForDeploymentPostprocessing = 0;
		};
		8DFC9BEF2A3BAB9D00295700 /* Frameworks */ = {
			isa = PBXFrameworksBuildPhase;
			buildActionMask = 2147483647;
			files = (
				8D5B63E32B2A520F00E86DA8 /* Collections in Frameworks */,
				8DF1E93C2B06D45B00B6D978 /* SheftAppsStylishUI.framework in Frameworks */,
				8D5B63E52B2A520F00E86DA8 /* OrderedCollections in Frameworks */,
			);
			runOnlyForDeploymentPostprocessing = 0;
		};
/* End PBXFrameworksBuildPhase section */

/* Begin PBXGroup section */
		8D1257432B041F4500079BC6 /* Model */ = {
			isa = PBXGroup;
			children = (
				8DC21BDC2B34DE40006D648F /* SwiftData */,
				8DC21BDD2B34DE60006D648F /* Photos */,
				8D505B072B2CF9E900690035 /* Core ML */,
				8D1257632B041F4500079BC6 /* DocumentTypes.swift */,
			);
			path = Model;
			sourceTree = "<group>";
		};
		8D1257472B041F4500079BC6 /* UI and Images */ = {
			isa = PBXGroup;
			children = (
				8D1257512B041F4500079BC6 /* Views */,
				8D1257482B041F4500079BC6 /* Assets.xcassets */,
				8D12574B2B041F4500079BC6 /* Supporting View Controllers */,
				8D1257492B041F4500079BC6 /* Preview Content */,
			);
			path = "UI and Images";
			sourceTree = "<group>";
		};
		8D1257492B041F4500079BC6 /* Preview Content */ = {
			isa = PBXGroup;
			children = (
				8D12574A2B041F4500079BC6 /* Preview Assets.xcassets */,
			);
			path = "Preview Content";
			sourceTree = "<group>";
		};
		8D12574B2B041F4500079BC6 /* Supporting View Controllers */ = {
			isa = PBXGroup;
			children = (
				8D12574C2B041F4500079BC6 /* Coordinators */,
				8D1257502B041F4500079BC6 /* CameraViewController.swift */,
			);
			path = "Supporting View Controllers";
			sourceTree = "<group>";
		};
		8D12574C2B041F4500079BC6 /* Coordinators */ = {
			isa = PBXGroup;
			children = (
				8D12574D2B041F4500079BC6 /* CameraCoordinator.swift */,
			);
			path = Coordinators;
			sourceTree = "<group>";
		};
		8D1257512B041F4500079BC6 /* Views */ = {
			isa = PBXGroup;
			children = (
				8D1257582B041F4500079BC6 /* ContentView.swift */,
				8D1257572B041F4500079BC6 /* PhoneRowView.swift */,
				8D1257522B041F4500079BC6 /* Detail */,
				8D1257592B041F4500079BC6 /* Child Views */,
			);
			path = Views;
			sourceTree = "<group>";
		};
		8D1257522B041F4500079BC6 /* Detail */ = {
			isa = PBXGroup;
			children = (
				8D1257552B041F4500079BC6 /* PhoneDetailView.swift */,
				8D1257532B041F4500079BC6 /* HandsetInfoDetailView.swift */,
				8D1257542B041F4500079BC6 /* NoPhoneSelectedView.swift */,
				8D1257562B041F4500079BC6 /* ChargerInfoDetailView.swift */,
			);
			path = Detail;
			sourceTree = "<group>";
		};
		8D1257592B041F4500079BC6 /* Child Views */ = {
			isa = PBXGroup;
			children = (
				8D12575A2B041F4500079BC6 /* FrequenciesExplanationView.swift */,
				8D12575B2B041F4500079BC6 /* SoftKeyExplanationView.swift */,
				8D12575C2B041F4500079BC6 /* PhoneImage.swift */,
				8D12575D2B041F4500079BC6 /* PhonePartInfoView.swift */,
				8D12575E2B041F4500079BC6 /* AntennaInfoView.swift */,
				8D12575F2B041F4500079BC6 /* ChargingContactInfoView.swift */,
				8D64DF8D2B2105D400D7142D /* InfoText.swift */,
				8D64DF8F2B21073300D7142D /* PhoneTypeDefinitionsView.swift */,
				8D64DF932B21119300D7142D /* WarningText.swift */,
			);
			path = "Child Views";
			sourceTree = "<group>";
		};
		8D1257602B041F4500079BC6 /* Supporting Files */ = {
			isa = PBXGroup;
			children = (
				8D1257622B041F4500079BC6 /* Globals.swift */,
				8D1257612B041F4500079BC6 /* Phone_Booth.entitlements */,
				8D1257642B041F4500079BC6 /* Info.plist */,
			);
			path = "Supporting Files";
			sourceTree = "<group>";
		};
		8D3D278E2ABCDDF30005FEC2 /* Phone BoothUITests */ = {
			isa = PBXGroup;
			children = (
				8D3D278F2ABCDDF30005FEC2 /* Phone_BoothUITests.swift */,
				8D3D27912ABCDDF30005FEC2 /* Phone_BoothUITestsLaunchTests.swift */,
			);
			path = "Phone BoothUITests";
			sourceTree = "<group>";
		};
		8D505B072B2CF9E900690035 /* Core ML */ = {
			isa = PBXGroup;
			children = (
				8D505B0E2B30EFCB00690035 /* LandlineOrNotV1.mlmodel */,
				8D505B0C2B2CF9F600690035 /* LandlineOrNotPredictor.swift */,
				8D505B142B33749100690035 /* CGImagePropertyOrientationExtension.swift */,
			);
			path = "Core ML";
			sourceTree = "<group>";
		};
		8DC21BDC2B34DE40006D648F /* SwiftData */ = {
			isa = PBXGroup;
			children = (
				8D1257442B041F4500079BC6 /* CordlessHandset.swift */,
				8D1257452B041F4500079BC6 /* Phone.swift */,
				8D1257462B041F4500079BC6 /* Charger.swift */,
			);
			path = SwiftData;
			sourceTree = "<group>";
		};
		8DC21BDD2B34DE60006D648F /* Photos */ = {
			isa = PBXGroup;
			children = (
				8D8D86602B283993006E9025 /* PhonePhotoError.swift */,
				8D505B102B323E8800690035 /* PhonePhotoViewModel.swift */,
			);
			path = Photos;
			sourceTree = "<group>";
		};
		8DE6B9642AA905CF00C42E02 /* Phone BoothTests */ = {
			isa = PBXGroup;
			children = (
				8DE6B9652AA905CF00C42E02 /* Phone_BoothTests.swift */,
			);
			path = "Phone BoothTests";
			sourceTree = "<group>";
		};
		8DF1E93A2B06D45B00B6D978 /* Frameworks */ = {
			isa = PBXGroup;
			children = (
				8DF1E93B2B06D45B00B6D978 /* SheftAppsStylishUI.framework */,
			);
			name = Frameworks;
			sourceTree = "<group>";
		};
		8DFC9BE92A3BAB9D00295700 = {
			isa = PBXGroup;
			children = (
				8DFC9BF42A3BAB9D00295700 /* Phone Booth */,
				8DE6B9642AA905CF00C42E02 /* Phone BoothTests */,
				8D3D278E2ABCDDF30005FEC2 /* Phone BoothUITests */,
				8DFC9BF32A3BAB9D00295700 /* Products */,
				8DF1E93A2B06D45B00B6D978 /* Frameworks */,
			);
			sourceTree = "<group>";
		};
		8DFC9BF32A3BAB9D00295700 /* Products */ = {
			isa = PBXGroup;
			children = (
				8DFC9BF22A3BAB9D00295700 /* Phone Booth.app */,
				8DE6B9632AA905CF00C42E02 /* Phone BoothTests.xctest */,
				8D3D278D2ABCDDF30005FEC2 /* Phone BoothUITests.xctest */,
			);
			name = Products;
			sourceTree = "<group>";
		};
		8DFC9BF42A3BAB9D00295700 /* Phone Booth */ = {
			isa = PBXGroup;
			children = (
				8DFC9BF52A3BAB9D00295700 /* Phone_BoothApp.swift */,
				8D1257472B041F4500079BC6 /* UI and Images */,
				8D1257432B041F4500079BC6 /* Model */,
				8D1257602B041F4500079BC6 /* Supporting Files */,
			);
			path = "Phone Booth";
			sourceTree = "<group>";
		};
/* End PBXGroup section */

/* Begin PBXNativeTarget section */
		8D3D278C2ABCDDF30005FEC2 /* Phone BoothUITests */ = {
			isa = PBXNativeTarget;
			buildConfigurationList = 8D3D27972ABCDDF30005FEC2 /* Build configuration list for PBXNativeTarget "Phone BoothUITests" */;
			buildPhases = (
				8D3D27892ABCDDF30005FEC2 /* Sources */,
				8D3D278A2ABCDDF30005FEC2 /* Frameworks */,
				8D3D278B2ABCDDF30005FEC2 /* Resources */,
			);
			buildRules = (
			);
			dependencies = (
				8D3D27942ABCDDF30005FEC2 /* PBXTargetDependency */,
			);
			name = "Phone BoothUITests";
			productName = "Phone BoothUITests";
			productReference = 8D3D278D2ABCDDF30005FEC2 /* Phone BoothUITests.xctest */;
			productType = "com.apple.product-type.bundle.ui-testing";
		};
		8DE6B9622AA905CF00C42E02 /* Phone BoothTests */ = {
			isa = PBXNativeTarget;
			buildConfigurationList = 8DE6B96B2AA905CF00C42E02 /* Build configuration list for PBXNativeTarget "Phone BoothTests" */;
			buildPhases = (
				8DE6B95F2AA905CF00C42E02 /* Sources */,
				8DE6B9602AA905CF00C42E02 /* Frameworks */,
				8DE6B9612AA905CF00C42E02 /* Resources */,
			);
			buildRules = (
			);
			dependencies = (
				8DE6B9682AA905CF00C42E02 /* PBXTargetDependency */,
			);
			name = "Phone BoothTests";
			productName = "Phone BoothTests";
			productReference = 8DE6B9632AA905CF00C42E02 /* Phone BoothTests.xctest */;
			productType = "com.apple.product-type.bundle.unit-test";
		};
		8DFC9BF12A3BAB9D00295700 /* Phone Booth */ = {
			isa = PBXNativeTarget;
			buildConfigurationList = 8DFC9C042A3BAB9F00295700 /* Build configuration list for PBXNativeTarget "Phone Booth" */;
			buildPhases = (
				8DFC9BEE2A3BAB9D00295700 /* Sources */,
				8DFC9BEF2A3BAB9D00295700 /* Frameworks */,
				8DFC9BF02A3BAB9D00295700 /* Resources */,
				8DF1E93E2B06D45B00B6D978 /* Embed Frameworks */,
			);
			buildRules = (
			);
			dependencies = (
			);
			name = "Phone Booth";
			packageProductDependencies = (
				8D5B63E22B2A520F00E86DA8 /* Collections */,
				8D5B63E42B2A520F00E86DA8 /* OrderedCollections */,
			);
			productName = "Phone Booth";
			productReference = 8DFC9BF22A3BAB9D00295700 /* Phone Booth.app */;
			productType = "com.apple.product-type.application";
		};
/* End PBXNativeTarget section */

/* Begin PBXProject section */
		8DFC9BEA2A3BAB9D00295700 /* Project object */ = {
			isa = PBXProject;
			attributes = {
				BuildIndependentTargetsInParallel = 1;
				LastSwiftUpdateCheck = 1500;
				LastUpgradeCheck = 1510;
				TargetAttributes = {
					8D3D278C2ABCDDF30005FEC2 = {
						CreatedOnToolsVersion = 15.0;
						TestTargetID = 8DFC9BF12A3BAB9D00295700;
					};
					8DE6B9622AA905CF00C42E02 = {
						CreatedOnToolsVersion = 15.0;
						TestTargetID = 8DFC9BF12A3BAB9D00295700;
					};
					8DFC9BF12A3BAB9D00295700 = {
						CreatedOnToolsVersion = 15.0;
					};
				};
			};
			buildConfigurationList = 8DFC9BED2A3BAB9D00295700 /* Build configuration list for PBXProject "Phone Booth" */;
			compatibilityVersion = "Xcode 14.0";
			developmentRegion = en;
			hasScannedForEncodings = 0;
			knownRegions = (
				en,
				Base,
			);
			mainGroup = 8DFC9BE92A3BAB9D00295700;
			packageReferences = (
				8D5B63E12B2A520F00E86DA8 /* XCRemoteSwiftPackageReference "swift-collections" */,
			);
			productRefGroup = 8DFC9BF32A3BAB9D00295700 /* Products */;
			projectDirPath = "";
			projectRoot = "";
			targets = (
				8DFC9BF12A3BAB9D00295700 /* Phone Booth */,
				8DE6B9622AA905CF00C42E02 /* Phone BoothTests */,
				8D3D278C2ABCDDF30005FEC2 /* Phone BoothUITests */,
			);
		};
/* End PBXProject section */

/* Begin PBXResourcesBuildPhase section */
		8D3D278B2ABCDDF30005FEC2 /* Resources */ = {
			isa = PBXResourcesBuildPhase;
			buildActionMask = 2147483647;
			files = (
			);
			runOnlyForDeploymentPostprocessing = 0;
		};
		8DE6B9612AA905CF00C42E02 /* Resources */ = {
			isa = PBXResourcesBuildPhase;
			buildActionMask = 2147483647;
			files = (
			);
			runOnlyForDeploymentPostprocessing = 0;
		};
		8DFC9BF02A3BAB9D00295700 /* Resources */ = {
			isa = PBXResourcesBuildPhase;
			buildActionMask = 2147483647;
			files = (
				8D1257692B041F4500079BC6 /* Preview Assets.xcassets in Resources */,
				8D1257682B041F4500079BC6 /* Assets.xcassets in Resources */,
			);
			runOnlyForDeploymentPostprocessing = 0;
		};
/* End PBXResourcesBuildPhase section */

/* Begin PBXSourcesBuildPhase section */
		8D3D27892ABCDDF30005FEC2 /* Sources */ = {
			isa = PBXSourcesBuildPhase;
			buildActionMask = 2147483647;
			files = (
				8D3D27922ABCDDF30005FEC2 /* Phone_BoothUITestsLaunchTests.swift in Sources */,
				8D3D27902ABCDDF30005FEC2 /* Phone_BoothUITests.swift in Sources */,
			);
			runOnlyForDeploymentPostprocessing = 0;
		};
		8DE6B95F2AA905CF00C42E02 /* Sources */ = {
			isa = PBXSourcesBuildPhase;
			buildActionMask = 2147483647;
			files = (
				8DE6B9662AA905CF00C42E02 /* Phone_BoothTests.swift in Sources */,
			);
			runOnlyForDeploymentPostprocessing = 0;
		};
		8DFC9BEE2A3BAB9D00295700 /* Sources */ = {
			isa = PBXSourcesBuildPhase;
			buildActionMask = 2147483647;
			files = (
				8D1257782B041F4500079BC6 /* ChargingContactInfoView.swift in Sources */,
				8D1257672B041F4500079BC6 /* Charger.swift in Sources */,
				8D12576D2B041F4500079BC6 /* HandsetInfoDetailView.swift in Sources */,
				8D1257722B041F4500079BC6 /* ContentView.swift in Sources */,
				8D12576A2B041F4500079BC6 /* CameraCoordinator.swift in Sources */,
				8D1257712B041F4500079BC6 /* PhoneRowView.swift in Sources */,
				8D1257792B041F4500079BC6 /* Globals.swift in Sources */,
				8D64DF942B21119300D7142D /* WarningText.swift in Sources */,
				8D1257732B041F4500079BC6 /* FrequenciesExplanationView.swift in Sources */,
				8D505B0D2B2CF9F600690035 /* LandlineOrNotPredictor.swift in Sources */,
				8D1257652B041F4500079BC6 /* CordlessHandset.swift in Sources */,
				8D1257662B041F4500079BC6 /* Phone.swift in Sources */,
				8D1257742B041F4500079BC6 /* SoftKeyExplanationView.swift in Sources */,
				8DFC9BF62A3BAB9D00295700 /* Phone_BoothApp.swift in Sources */,
				8D1257762B041F4500079BC6 /* PhonePartInfoView.swift in Sources */,
				8D505B112B323E8800690035 /* PhonePhotoViewModel.swift in Sources */,
				8D8D86612B283993006E9025 /* PhonePhotoError.swift in Sources */,
				8D64DF8E2B2105D400D7142D /* InfoText.swift in Sources */,
				8D12576C2B041F4500079BC6 /* CameraViewController.swift in Sources */,
				8D1257772B041F4500079BC6 /* AntennaInfoView.swift in Sources */,
				8D12576F2B041F4500079BC6 /* PhoneDetailView.swift in Sources */,
				8D1257752B041F4500079BC6 /* PhoneImage.swift in Sources */,
				8D64DF902B21073300D7142D /* PhoneTypeDefinitionsView.swift in Sources */,
				8D505B152B33749100690035 /* CGImagePropertyOrientationExtension.swift in Sources */,
				8D1257702B041F4500079BC6 /* ChargerInfoDetailView.swift in Sources */,
				8D12577A2B041F4500079BC6 /* DocumentTypes.swift in Sources */,
				8D12576E2B041F4500079BC6 /* NoPhoneSelectedView.swift in Sources */,
				8D505B0F2B30EFCB00690035 /* LandlineOrNotV1.mlmodel in Sources */,
			);
			runOnlyForDeploymentPostprocessing = 0;
		};
/* End PBXSourcesBuildPhase section */

/* Begin PBXTargetDependency section */
		8D3D27942ABCDDF30005FEC2 /* PBXTargetDependency */ = {
			isa = PBXTargetDependency;
			target = 8DFC9BF12A3BAB9D00295700 /* Phone Booth */;
			targetProxy = 8D3D27932ABCDDF30005FEC2 /* PBXContainerItemProxy */;
		};
		8DE6B9682AA905CF00C42E02 /* PBXTargetDependency */ = {
			isa = PBXTargetDependency;
			target = 8DFC9BF12A3BAB9D00295700 /* Phone Booth */;
			targetProxy = 8DE6B9672AA905CF00C42E02 /* PBXContainerItemProxy */;
		};
/* End PBXTargetDependency section */

/* Begin XCBuildConfiguration section */
		8D3D27952ABCDDF30005FEC2 /* Debug */ = {
			isa = XCBuildConfiguration;
			buildSettings = {
				CODE_SIGN_STYLE = Automatic;
				CURRENT_PROJECT_VERSION = 1;
				DEAD_CODE_STRIPPING = YES;
				DEVELOPMENT_TEAM = 3B6G4T54X3;
				GENERATE_INFOPLIST_FILE = YES;
				IPHONEOS_DEPLOYMENT_TARGET = 17.0;
				MACOSX_DEPLOYMENT_TARGET = 14.0;
				MARKETING_VERSION = 1.0;
				PRODUCT_BUNDLE_IDENTIFIER = "com.tylersheft.Phone-BoothUITests";
				PRODUCT_NAME = "$(TARGET_NAME)";
				SDKROOT = auto;
				SUPPORTED_PLATFORMS = "iphoneos iphonesimulator macosx";
				SWIFT_EMIT_LOC_STRINGS = NO;
				SWIFT_VERSION = 5.0;
				TARGETED_DEVICE_FAMILY = "1,2";
				TEST_TARGET_NAME = "Phone Booth";
			};
			name = Debug;
		};
		8D3D27962ABCDDF30005FEC2 /* Release */ = {
			isa = XCBuildConfiguration;
			buildSettings = {
				CODE_SIGN_STYLE = Automatic;
				CURRENT_PROJECT_VERSION = 1;
				DEAD_CODE_STRIPPING = YES;
				DEVELOPMENT_TEAM = 3B6G4T54X3;
				GENERATE_INFOPLIST_FILE = YES;
				IPHONEOS_DEPLOYMENT_TARGET = 17.0;
				MACOSX_DEPLOYMENT_TARGET = 14.0;
				MARKETING_VERSION = 1.0;
				PRODUCT_BUNDLE_IDENTIFIER = "com.tylersheft.Phone-BoothUITests";
				PRODUCT_NAME = "$(TARGET_NAME)";
				SDKROOT = auto;
				SUPPORTED_PLATFORMS = "iphoneos iphonesimulator macosx";
				SWIFT_EMIT_LOC_STRINGS = NO;
				SWIFT_VERSION = 5.0;
				TARGETED_DEVICE_FAMILY = "1,2";
				TEST_TARGET_NAME = "Phone Booth";
			};
			name = Release;
		};
		8DE6B9692AA905CF00C42E02 /* Debug */ = {
			isa = XCBuildConfiguration;
			buildSettings = {
				BUNDLE_LOADER = "$(TEST_HOST)";
				CODE_SIGN_STYLE = Automatic;
				CURRENT_PROJECT_VERSION = 1;
				DEAD_CODE_STRIPPING = YES;
				DEVELOPMENT_TEAM = 3B6G4T54X3;
				GENERATE_INFOPLIST_FILE = YES;
				IPHONEOS_DEPLOYMENT_TARGET = 17.0;
				MACOSX_DEPLOYMENT_TARGET = 14.0;
				MARKETING_VERSION = 1.0;
				PRODUCT_BUNDLE_IDENTIFIER = "com.tylersheft.Phone-BoothTests";
				PRODUCT_NAME = "$(TARGET_NAME)";
				SDKROOT = auto;
				SUPPORTED_PLATFORMS = "iphoneos iphonesimulator macosx";
				SWIFT_EMIT_LOC_STRINGS = NO;
				SWIFT_VERSION = 5.0;
				TARGETED_DEVICE_FAMILY = "1,2";
				TEST_HOST = "$(BUILT_PRODUCTS_DIR)/Phone Booth.app/$(BUNDLE_EXECUTABLE_FOLDER_PATH)/Phone Booth";
			};
			name = Debug;
		};
		8DE6B96A2AA905CF00C42E02 /* Release */ = {
			isa = XCBuildConfiguration;
			buildSettings = {
				BUNDLE_LOADER = "$(TEST_HOST)";
				CODE_SIGN_STYLE = Automatic;
				CURRENT_PROJECT_VERSION = 1;
				DEAD_CODE_STRIPPING = YES;
				DEVELOPMENT_TEAM = 3B6G4T54X3;
				GENERATE_INFOPLIST_FILE = YES;
				IPHONEOS_DEPLOYMENT_TARGET = 17.0;
				MACOSX_DEPLOYMENT_TARGET = 14.0;
				MARKETING_VERSION = 1.0;
				PRODUCT_BUNDLE_IDENTIFIER = "com.tylersheft.Phone-BoothTests";
				PRODUCT_NAME = "$(TARGET_NAME)";
				SDKROOT = auto;
				SUPPORTED_PLATFORMS = "iphoneos iphonesimulator macosx";
				SWIFT_EMIT_LOC_STRINGS = NO;
				SWIFT_VERSION = 5.0;
				TARGETED_DEVICE_FAMILY = "1,2";
				TEST_HOST = "$(BUILT_PRODUCTS_DIR)/Phone Booth.app/$(BUNDLE_EXECUTABLE_FOLDER_PATH)/Phone Booth";
			};
			name = Release;
		};
		8DFC9C022A3BAB9F00295700 /* Debug */ = {
			isa = XCBuildConfiguration;
			buildSettings = {
				ALWAYS_SEARCH_USER_PATHS = NO;
				ASSETCATALOG_COMPILER_GENERATE_SWIFT_ASSET_SYMBOL_EXTENSIONS = YES;
				CLANG_ANALYZER_NONNULL = YES;
				CLANG_ANALYZER_NUMBER_OBJECT_CONVERSION = YES_AGGRESSIVE;
				CLANG_CXX_LANGUAGE_STANDARD = "gnu++20";
				CLANG_ENABLE_MODULES = YES;
				CLANG_ENABLE_OBJC_ARC = YES;
				CLANG_ENABLE_OBJC_WEAK = YES;
				CLANG_WARN_BLOCK_CAPTURE_AUTORELEASING = YES;
				CLANG_WARN_BOOL_CONVERSION = YES;
				CLANG_WARN_COMMA = YES;
				CLANG_WARN_CONSTANT_CONVERSION = YES;
				CLANG_WARN_DEPRECATED_OBJC_IMPLEMENTATIONS = YES;
				CLANG_WARN_DIRECT_OBJC_ISA_USAGE = YES_ERROR;
				CLANG_WARN_DOCUMENTATION_COMMENTS = YES;
				CLANG_WARN_EMPTY_BODY = YES;
				CLANG_WARN_ENUM_CONVERSION = YES;
				CLANG_WARN_INFINITE_RECURSION = YES;
				CLANG_WARN_INT_CONVERSION = YES;
				CLANG_WARN_NON_LITERAL_NULL_CONVERSION = YES;
				CLANG_WARN_OBJC_IMPLICIT_RETAIN_SELF = YES;
				CLANG_WARN_OBJC_LITERAL_CONVERSION = YES;
				CLANG_WARN_OBJC_ROOT_CLASS = YES_ERROR;
				CLANG_WARN_QUOTED_INCLUDE_IN_FRAMEWORK_HEADER = YES;
				CLANG_WARN_RANGE_LOOP_ANALYSIS = YES;
				CLANG_WARN_STRICT_PROTOTYPES = YES;
				CLANG_WARN_SUSPICIOUS_MOVE = YES;
				CLANG_WARN_UNGUARDED_AVAILABILITY = YES_AGGRESSIVE;
				CLANG_WARN_UNREACHABLE_CODE = YES;
				CLANG_WARN__DUPLICATE_METHOD_MATCH = YES;
				COPY_PHASE_STRIP = NO;
				DEAD_CODE_STRIPPING = YES;
				DEBUG_INFORMATION_FORMAT = dwarf;
				ENABLE_STRICT_OBJC_MSGSEND = YES;
				ENABLE_TESTABILITY = YES;
				ENABLE_USER_SCRIPT_SANDBOXING = YES;
				GCC_C_LANGUAGE_STANDARD = gnu17;
				GCC_DYNAMIC_NO_PIC = NO;
				GCC_NO_COMMON_BLOCKS = YES;
				GCC_OPTIMIZATION_LEVEL = 0;
				GCC_PREPROCESSOR_DEFINITIONS = (
					"DEBUG=1",
					"$(inherited)",
				);
				GCC_WARN_64_TO_32_BIT_CONVERSION = YES;
				GCC_WARN_ABOUT_RETURN_TYPE = YES_ERROR;
				GCC_WARN_UNDECLARED_SELECTOR = YES;
				GCC_WARN_UNINITIALIZED_AUTOS = YES_AGGRESSIVE;
				GCC_WARN_UNUSED_FUNCTION = YES;
				GCC_WARN_UNUSED_VARIABLE = YES;
				LOCALIZATION_PREFERS_STRING_CATALOGS = YES;
				MTL_ENABLE_DEBUG_INFO = INCLUDE_SOURCE;
				MTL_FAST_MATH = YES;
				ONLY_ACTIVE_ARCH = YES;
				SWIFT_ACTIVE_COMPILATION_CONDITIONS = "DEBUG $(inherited)";
				SWIFT_OPTIMIZATION_LEVEL = "-Onone";
			};
			name = Debug;
		};
		8DFC9C032A3BAB9F00295700 /* Release */ = {
			isa = XCBuildConfiguration;
			buildSettings = {
				ALWAYS_SEARCH_USER_PATHS = NO;
				ASSETCATALOG_COMPILER_GENERATE_SWIFT_ASSET_SYMBOL_EXTENSIONS = YES;
				CLANG_ANALYZER_NONNULL = YES;
				CLANG_ANALYZER_NUMBER_OBJECT_CONVERSION = YES_AGGRESSIVE;
				CLANG_CXX_LANGUAGE_STANDARD = "gnu++20";
				CLANG_ENABLE_MODULES = YES;
				CLANG_ENABLE_OBJC_ARC = YES;
				CLANG_ENABLE_OBJC_WEAK = YES;
				CLANG_WARN_BLOCK_CAPTURE_AUTORELEASING = YES;
				CLANG_WARN_BOOL_CONVERSION = YES;
				CLANG_WARN_COMMA = YES;
				CLANG_WARN_CONSTANT_CONVERSION = YES;
				CLANG_WARN_DEPRECATED_OBJC_IMPLEMENTATIONS = YES;
				CLANG_WARN_DIRECT_OBJC_ISA_USAGE = YES_ERROR;
				CLANG_WARN_DOCUMENTATION_COMMENTS = YES;
				CLANG_WARN_EMPTY_BODY = YES;
				CLANG_WARN_ENUM_CONVERSION = YES;
				CLANG_WARN_INFINITE_RECURSION = YES;
				CLANG_WARN_INT_CONVERSION = YES;
				CLANG_WARN_NON_LITERAL_NULL_CONVERSION = YES;
				CLANG_WARN_OBJC_IMPLICIT_RETAIN_SELF = YES;
				CLANG_WARN_OBJC_LITERAL_CONVERSION = YES;
				CLANG_WARN_OBJC_ROOT_CLASS = YES_ERROR;
				CLANG_WARN_QUOTED_INCLUDE_IN_FRAMEWORK_HEADER = YES;
				CLANG_WARN_RANGE_LOOP_ANALYSIS = YES;
				CLANG_WARN_STRICT_PROTOTYPES = YES;
				CLANG_WARN_SUSPICIOUS_MOVE = YES;
				CLANG_WARN_UNGUARDED_AVAILABILITY = YES_AGGRESSIVE;
				CLANG_WARN_UNREACHABLE_CODE = YES;
				CLANG_WARN__DUPLICATE_METHOD_MATCH = YES;
				COPY_PHASE_STRIP = NO;
				DEAD_CODE_STRIPPING = YES;
				DEBUG_INFORMATION_FORMAT = "dwarf-with-dsym";
				ENABLE_NS_ASSERTIONS = NO;
				ENABLE_STRICT_OBJC_MSGSEND = YES;
				ENABLE_USER_SCRIPT_SANDBOXING = YES;
				GCC_C_LANGUAGE_STANDARD = gnu17;
				GCC_NO_COMMON_BLOCKS = YES;
				GCC_WARN_64_TO_32_BIT_CONVERSION = YES;
				GCC_WARN_ABOUT_RETURN_TYPE = YES_ERROR;
				GCC_WARN_UNDECLARED_SELECTOR = YES;
				GCC_WARN_UNINITIALIZED_AUTOS = YES_AGGRESSIVE;
				GCC_WARN_UNUSED_FUNCTION = YES;
				GCC_WARN_UNUSED_VARIABLE = YES;
				LOCALIZATION_PREFERS_STRING_CATALOGS = YES;
				MTL_ENABLE_DEBUG_INFO = NO;
				MTL_FAST_MATH = YES;
				SWIFT_COMPILATION_MODE = wholemodule;
			};
			name = Release;
		};
		8DFC9C052A3BAB9F00295700 /* Debug */ = {
			isa = XCBuildConfiguration;
			buildSettings = {
				ASSETCATALOG_COMPILER_APPICON_NAME = AppIcon;
				ASSETCATALOG_COMPILER_GLOBAL_ACCENT_COLOR_NAME = AccentColor;
				CODE_SIGN_ENTITLEMENTS = "Phone Booth/Supporting Files/Phone_Booth.entitlements";
				CODE_SIGN_STYLE = Automatic;
				CURRENT_PROJECT_VERSION = 925;
				DEAD_CODE_STRIPPING = YES;
				DEVELOPMENT_ASSET_PATHS = "\"Phone Booth/UI and Images/Preview Content\"";
				DEVELOPMENT_TEAM = 3B6G4T54X3;
				ENABLE_HARDENED_RUNTIME = YES;
				"ENABLE_HARDENED_RUNTIME[sdk=macosx*]" = YES;
				ENABLE_PREVIEWS = YES;
				GENERATE_INFOPLIST_FILE = YES;
				INFOPLIST_FILE = "Phone Booth/Supporting Files/Info.plist";
				INFOPLIST_KEY_LSApplicationCategoryType = "public.app-category.reference";
				INFOPLIST_KEY_NSCameraUsageDescription = "Use the camera to take a photo of your phones.";
				INFOPLIST_KEY_NSPhotoLibraryUsageDescription = "Add photos to your phones by selecting from your photo library.";
				"INFOPLIST_KEY_UIApplicationSceneManifest_Generation[sdk=iphoneos*]" = YES;
				"INFOPLIST_KEY_UIApplicationSceneManifest_Generation[sdk=iphonesimulator*]" = YES;
				"INFOPLIST_KEY_UIApplicationSupportsIndirectInputEvents[sdk=iphoneos*]" = YES;
				"INFOPLIST_KEY_UIApplicationSupportsIndirectInputEvents[sdk=iphonesimulator*]" = YES;
				"INFOPLIST_KEY_UILaunchScreen_Generation[sdk=iphoneos*]" = YES;
				"INFOPLIST_KEY_UILaunchScreen_Generation[sdk=iphonesimulator*]" = YES;
				"INFOPLIST_KEY_UIStatusBarStyle[sdk=iphoneos*]" = UIStatusBarStyleDefault;
				"INFOPLIST_KEY_UIStatusBarStyle[sdk=iphonesimulator*]" = UIStatusBarStyleDefault;
				INFOPLIST_KEY_UISupportedInterfaceOrientations_iPad = "UIInterfaceOrientationPortrait UIInterfaceOrientationPortraitUpsideDown UIInterfaceOrientationLandscapeLeft UIInterfaceOrientationLandscapeRight";
				INFOPLIST_KEY_UISupportedInterfaceOrientations_iPhone = "UIInterfaceOrientationPortrait UIInterfaceOrientationLandscapeLeft UIInterfaceOrientationLandscapeRight";
				IPHONEOS_DEPLOYMENT_TARGET = 17.0;
				LD_RUNPATH_SEARCH_PATHS = "@executable_path/Frameworks";
				"LD_RUNPATH_SEARCH_PATHS[sdk=macosx*]" = "@executable_path/../Frameworks";
				MACOSX_DEPLOYMENT_TARGET = 14.0;
				MARKETING_VERSION = 2023.12;
				PRODUCT_BUNDLE_IDENTIFIER = "com.tylersheft.Phone-Booth";
				PRODUCT_NAME = "$(TARGET_NAME)";
				SDKROOT = auto;
				SUPPORTED_PLATFORMS = "iphoneos iphonesimulator macosx xros xrsimulator";
				SUPPORTS_MACCATALYST = NO;
				SWIFT_EMIT_LOC_STRINGS = YES;
				SWIFT_VERSION = 5.0;
				TARGETED_DEVICE_FAMILY = "1,2,6,7";
			};
			name = Debug;
		};
		8DFC9C062A3BAB9F00295700 /* Release */ = {
			isa = XCBuildConfiguration;
			buildSettings = {
				ASSETCATALOG_COMPILER_APPICON_NAME = AppIcon;
				ASSETCATALOG_COMPILER_GLOBAL_ACCENT_COLOR_NAME = AccentColor;
				CODE_SIGN_ENTITLEMENTS = "Phone Booth/Supporting Files/Phone_Booth.entitlements";
				CODE_SIGN_STYLE = Automatic;
				CURRENT_PROJECT_VERSION = 925;
				DEAD_CODE_STRIPPING = YES;
				DEVELOPMENT_ASSET_PATHS = "\"Phone Booth/UI and Images/Preview Content\"";
				DEVELOPMENT_TEAM = 3B6G4T54X3;
				ENABLE_HARDENED_RUNTIME = YES;
				"ENABLE_HARDENED_RUNTIME[sdk=macosx*]" = YES;
				ENABLE_PREVIEWS = YES;
				GENERATE_INFOPLIST_FILE = YES;
				INFOPLIST_FILE = "Phone Booth/Supporting Files/Info.plist";
				INFOPLIST_KEY_LSApplicationCategoryType = "public.app-category.reference";
				INFOPLIST_KEY_NSCameraUsageDescription = "Use the camera to take a photo of your phones.";
				INFOPLIST_KEY_NSPhotoLibraryUsageDescription = "Add photos to your phones by selecting from your photo library.";
				"INFOPLIST_KEY_UIApplicationSceneManifest_Generation[sdk=iphoneos*]" = YES;
				"INFOPLIST_KEY_UIApplicationSceneManifest_Generation[sdk=iphonesimulator*]" = YES;
				"INFOPLIST_KEY_UIApplicationSupportsIndirectInputEvents[sdk=iphoneos*]" = YES;
				"INFOPLIST_KEY_UIApplicationSupportsIndirectInputEvents[sdk=iphonesimulator*]" = YES;
				"INFOPLIST_KEY_UILaunchScreen_Generation[sdk=iphoneos*]" = YES;
				"INFOPLIST_KEY_UILaunchScreen_Generation[sdk=iphonesimulator*]" = YES;
				"INFOPLIST_KEY_UIStatusBarStyle[sdk=iphoneos*]" = UIStatusBarStyleDefault;
				"INFOPLIST_KEY_UIStatusBarStyle[sdk=iphonesimulator*]" = UIStatusBarStyleDefault;
				INFOPLIST_KEY_UISupportedInterfaceOrientations_iPad = "UIInterfaceOrientationPortrait UIInterfaceOrientationPortraitUpsideDown UIInterfaceOrientationLandscapeLeft UIInterfaceOrientationLandscapeRight";
				INFOPLIST_KEY_UISupportedInterfaceOrientations_iPhone = "UIInterfaceOrientationPortrait UIInterfaceOrientationLandscapeLeft UIInterfaceOrientationLandscapeRight";
				IPHONEOS_DEPLOYMENT_TARGET = 17.0;
				LD_RUNPATH_SEARCH_PATHS = "@executable_path/Frameworks";
				"LD_RUNPATH_SEARCH_PATHS[sdk=macosx*]" = "@executable_path/../Frameworks";
				MACOSX_DEPLOYMENT_TARGET = 14.0;
				MARKETING_VERSION = 2023.12;
				PRODUCT_BUNDLE_IDENTIFIER = "com.tylersheft.Phone-Booth";
				PRODUCT_NAME = "$(TARGET_NAME)";
				SDKROOT = auto;
				SUPPORTED_PLATFORMS = "iphoneos iphonesimulator macosx xros xrsimulator";
				SUPPORTS_MACCATALYST = NO;
				SWIFT_EMIT_LOC_STRINGS = YES;
				SWIFT_VERSION = 5.0;
				TARGETED_DEVICE_FAMILY = "1,2,6,7";
			};
			name = Release;
		};
/* End XCBuildConfiguration section */

/* Begin XCConfigurationList section */
		8D3D27972ABCDDF30005FEC2 /* Build configuration list for PBXNativeTarget "Phone BoothUITests" */ = {
			isa = XCConfigurationList;
			buildConfigurations = (
				8D3D27952ABCDDF30005FEC2 /* Debug */,
				8D3D27962ABCDDF30005FEC2 /* Release */,
			);
			defaultConfigurationIsVisible = 0;
			defaultConfigurationName = Release;
		};
		8DE6B96B2AA905CF00C42E02 /* Build configuration list for PBXNativeTarget "Phone BoothTests" */ = {
			isa = XCConfigurationList;
			buildConfigurations = (
				8DE6B9692AA905CF00C42E02 /* Debug */,
				8DE6B96A2AA905CF00C42E02 /* Release */,
			);
			defaultConfigurationIsVisible = 0;
			defaultConfigurationName = Release;
		};
		8DFC9BED2A3BAB9D00295700 /* Build configuration list for PBXProject "Phone Booth" */ = {
			isa = XCConfigurationList;
			buildConfigurations = (
				8DFC9C022A3BAB9F00295700 /* Debug */,
				8DFC9C032A3BAB9F00295700 /* Release */,
			);
			defaultConfigurationIsVisible = 0;
			defaultConfigurationName = Release;
		};
		8DFC9C042A3BAB9F00295700 /* Build configuration list for PBXNativeTarget "Phone Booth" */ = {
			isa = XCConfigurationList;
			buildConfigurations = (
				8DFC9C052A3BAB9F00295700 /* Debug */,
				8DFC9C062A3BAB9F00295700 /* Release */,
			);
			defaultConfigurationIsVisible = 0;
			defaultConfigurationName = Release;
		};
/* End XCConfigurationList section */

/* Begin XCRemoteSwiftPackageReference section */
		8D5B63E12B2A520F00E86DA8 /* XCRemoteSwiftPackageReference "swift-collections" */ = {
			isa = XCRemoteSwiftPackageReference;
			repositoryURL = "https://github.com/apple/swift-collections.git";
			requirement = {
				kind = upToNextMajorVersion;
				minimumVersion = 1.0.5;
			};
		};
/* End XCRemoteSwiftPackageReference section */

/* Begin XCSwiftPackageProductDependency section */
		8D5B63E22B2A520F00E86DA8 /* Collections */ = {
			isa = XCSwiftPackageProductDependency;
			package = 8D5B63E12B2A520F00E86DA8 /* XCRemoteSwiftPackageReference "swift-collections" */;
			productName = Collections;
		};
		8D5B63E42B2A520F00E86DA8 /* OrderedCollections */ = {
			isa = XCSwiftPackageProductDependency;
			package = 8D5B63E12B2A520F00E86DA8 /* XCRemoteSwiftPackageReference "swift-collections" */;
			productName = OrderedCollections;
		};
/* End XCSwiftPackageProductDependency section */
	};
	rootObject = 8DFC9BEA2A3BAB9D00295700 /* Project object */;
}
