// !$*UTF8*$!
{
	archiveVersion = 1;
	classes = {
	};
	objectVersion = 56;
	objects = {

/* Begin PBXBuildFile section */
		8DA52A262A3D01C500B7546B /* PhoneRowView.swift in Sources */ = {isa = PBXBuildFile; fileRef = 8DA52A252A3D01C500B7546B /* PhoneRowView.swift */; };
		8DA80DC92A46190F007950A6 /* HandsetInfoRowView.swift in Sources */ = {isa = PBXBuildFile; fileRef = 8DA80DC52A46184A007950A6 /* HandsetInfoRowView.swift */; };
		8DA80DCA2A46192E007950A6 /* PhonePartInfoView.swift in Sources */ = {isa = PBXBuildFile; fileRef = 8DA80DC42A46184A007950A6 /* PhonePartInfoView.swift */; };
		8DA80DCC2A4619E3007950A6 /* PhoneDetailView.swift in Sources */ = {isa = PBXBuildFile; fileRef = 8DA52A292A3D0D1A00B7546B /* PhoneDetailView.swift */; };
		8DA80DCD2A462D07007950A6 /* PhoneImage.swift in Sources */ = {isa = PBXBuildFile; fileRef = 8DA52A272A3D04BB00B7546B /* PhoneImage.swift */; };
		8DA80DCF2A463003007950A6 /* ImageHelpers.swift in Sources */ = {isa = PBXBuildFile; fileRef = 8DA80DCE2A463003007950A6 /* ImageHelpers.swift */; };
		8DB2827C2A4E191200348C0E /* ChargerInfoRowView.swift in Sources */ = {isa = PBXBuildFile; fileRef = 8DB2827B2A4E191200348C0E /* ChargerInfoRowView.swift */; };
		8DB2827E2A4E1E1600348C0E /* NoPhoneSelectedView.swift in Sources */ = {isa = PBXBuildFile; fileRef = 8DB2827D2A4E1E1600348C0E /* NoPhoneSelectedView.swift */; };
		8DD8C8922A4CC52900B1A31D /* CordlessHandset.swift in Sources */ = {isa = PBXBuildFile; fileRef = 8DD8C8912A4CC52900B1A31D /* CordlessHandset.swift */; };
		8DD8C8942A4CC63200B1A31D /* Charger.swift in Sources */ = {isa = PBXBuildFile; fileRef = 8DD8C8932A4CC63200B1A31D /* Charger.swift */; };
		8DFC9BF62A3BAB9D00295700 /* Phone_BoothApp.swift in Sources */ = {isa = PBXBuildFile; fileRef = 8DFC9BF52A3BAB9D00295700 /* Phone_BoothApp.swift */; };
		8DFC9BF82A3BAB9D00295700 /* Phone.swift in Sources */ = {isa = PBXBuildFile; fileRef = 8DFC9BF72A3BAB9D00295700 /* Phone.swift */; };
		8DFC9BFA2A3BAB9D00295700 /* ContentView.swift in Sources */ = {isa = PBXBuildFile; fileRef = 8DFC9BF92A3BAB9D00295700 /* ContentView.swift */; };
		8DFC9BFC2A3BAB9F00295700 /* Assets.xcassets in Resources */ = {isa = PBXBuildFile; fileRef = 8DFC9BFB2A3BAB9F00295700 /* Assets.xcassets */; };
		8DFC9C002A3BAB9F00295700 /* Preview Assets.xcassets in Resources */ = {isa = PBXBuildFile; fileRef = 8DFC9BFF2A3BAB9F00295700 /* Preview Assets.xcassets */; };
/* End PBXBuildFile section */

/* Begin PBXFileReference section */
		8DA52A252A3D01C500B7546B /* PhoneRowView.swift */ = {isa = PBXFileReference; lastKnownFileType = sourcecode.swift; path = PhoneRowView.swift; sourceTree = "<group>"; };
		8DA52A272A3D04BB00B7546B /* PhoneImage.swift */ = {isa = PBXFileReference; lastKnownFileType = sourcecode.swift; path = PhoneImage.swift; sourceTree = "<group>"; };
		8DA52A292A3D0D1A00B7546B /* PhoneDetailView.swift */ = {isa = PBXFileReference; lastKnownFileType = sourcecode.swift; path = PhoneDetailView.swift; sourceTree = "<group>"; };
		8DA80DC42A46184A007950A6 /* PhonePartInfoView.swift */ = {isa = PBXFileReference; fileEncoding = 4; lastKnownFileType = sourcecode.swift; path = PhonePartInfoView.swift; sourceTree = "<group>"; };
		8DA80DC52A46184A007950A6 /* HandsetInfoRowView.swift */ = {isa = PBXFileReference; fileEncoding = 4; lastKnownFileType = sourcecode.swift; path = HandsetInfoRowView.swift; sourceTree = "<group>"; };
		8DA80DCE2A463003007950A6 /* ImageHelpers.swift */ = {isa = PBXFileReference; lastKnownFileType = sourcecode.swift; name = ImageHelpers.swift; path = Helpers/ImageHelpers.swift; sourceTree = "<group>"; };
		8DB2827B2A4E191200348C0E /* ChargerInfoRowView.swift */ = {isa = PBXFileReference; lastKnownFileType = sourcecode.swift; path = ChargerInfoRowView.swift; sourceTree = "<group>"; };
		8DB2827D2A4E1E1600348C0E /* NoPhoneSelectedView.swift */ = {isa = PBXFileReference; lastKnownFileType = sourcecode.swift; path = NoPhoneSelectedView.swift; sourceTree = "<group>"; };
		8DD8C8912A4CC52900B1A31D /* CordlessHandset.swift */ = {isa = PBXFileReference; lastKnownFileType = sourcecode.swift; path = CordlessHandset.swift; sourceTree = "<group>"; };
		8DD8C8932A4CC63200B1A31D /* Charger.swift */ = {isa = PBXFileReference; lastKnownFileType = sourcecode.swift; path = Charger.swift; sourceTree = "<group>"; };
		8DFC9BF22A3BAB9D00295700 /* Phone Booth.app */ = {isa = PBXFileReference; explicitFileType = wrapper.application; includeInIndex = 0; path = "Phone Booth.app"; sourceTree = BUILT_PRODUCTS_DIR; };
		8DFC9BF52A3BAB9D00295700 /* Phone_BoothApp.swift */ = {isa = PBXFileReference; lastKnownFileType = sourcecode.swift; path = Phone_BoothApp.swift; sourceTree = "<group>"; };
		8DFC9BF72A3BAB9D00295700 /* Phone.swift */ = {isa = PBXFileReference; lastKnownFileType = sourcecode.swift; path = Phone.swift; sourceTree = "<group>"; };
		8DFC9BF92A3BAB9D00295700 /* ContentView.swift */ = {isa = PBXFileReference; lastKnownFileType = sourcecode.swift; path = ContentView.swift; sourceTree = "<group>"; };
		8DFC9BFB2A3BAB9F00295700 /* Assets.xcassets */ = {isa = PBXFileReference; lastKnownFileType = folder.assetcatalog; path = Assets.xcassets; sourceTree = "<group>"; };
		8DFC9BFD2A3BAB9F00295700 /* Phone_Booth.entitlements */ = {isa = PBXFileReference; lastKnownFileType = text.plist.entitlements; path = Phone_Booth.entitlements; sourceTree = "<group>"; };
		8DFC9BFF2A3BAB9F00295700 /* Preview Assets.xcassets */ = {isa = PBXFileReference; lastKnownFileType = folder.assetcatalog; path = "Preview Assets.xcassets"; sourceTree = "<group>"; };
/* End PBXFileReference section */

/* Begin PBXFrameworksBuildPhase section */
		8DFC9BEF2A3BAB9D00295700 /* Frameworks */ = {
			isa = PBXFrameworksBuildPhase;
			buildActionMask = 2147483647;
			files = (
			);
			runOnlyForDeploymentPostprocessing = 0;
		};
/* End PBXFrameworksBuildPhase section */

/* Begin PBXGroup section */
		8DA52A242A3D01B700B7546B /* Views */ = {
			isa = PBXGroup;
			children = (
				8DB2827B2A4E191200348C0E /* ChargerInfoRowView.swift */,
				8DA80DC52A46184A007950A6 /* HandsetInfoRowView.swift */,
				8DA80DC42A46184A007950A6 /* PhonePartInfoView.swift */,
				8DFC9BF92A3BAB9D00295700 /* ContentView.swift */,
				8DB2827D2A4E1E1600348C0E /* NoPhoneSelectedView.swift */,
				8DA52A252A3D01C500B7546B /* PhoneRowView.swift */,
				8DA52A272A3D04BB00B7546B /* PhoneImage.swift */,
				8DA52A292A3D0D1A00B7546B /* PhoneDetailView.swift */,
			);
			path = Views;
			sourceTree = "<group>";
		};
		8DD8C8952A4CC80E00B1A31D /* Models */ = {
			isa = PBXGroup;
			children = (
				8DFC9BF72A3BAB9D00295700 /* Phone.swift */,
				8DD8C8912A4CC52900B1A31D /* CordlessHandset.swift */,
				8DD8C8932A4CC63200B1A31D /* Charger.swift */,
			);
			path = Models;
			sourceTree = "<group>";
		};
		8DFC9BE92A3BAB9D00295700 = {
			isa = PBXGroup;
			children = (
				8DFC9BF42A3BAB9D00295700 /* Phone Booth */,
				8DFC9BF32A3BAB9D00295700 /* Products */,
			);
			sourceTree = "<group>";
		};
		8DFC9BF32A3BAB9D00295700 /* Products */ = {
			isa = PBXGroup;
			children = (
				8DFC9BF22A3BAB9D00295700 /* Phone Booth.app */,
			);
			name = Products;
			sourceTree = "<group>";
		};
		8DFC9BF42A3BAB9D00295700 /* Phone Booth */ = {
			isa = PBXGroup;
			children = (
				8DA80DCE2A463003007950A6 /* ImageHelpers.swift */,
				8DFC9BF52A3BAB9D00295700 /* Phone_BoothApp.swift */,
				8DD8C8952A4CC80E00B1A31D /* Models */,
				8DA52A242A3D01B700B7546B /* Views */,
				8DFC9BFB2A3BAB9F00295700 /* Assets.xcassets */,
				8DFC9BFD2A3BAB9F00295700 /* Phone_Booth.entitlements */,
				8DFC9BFE2A3BAB9F00295700 /* Preview Content */,
			);
			path = "Phone Booth";
			sourceTree = "<group>";
		};
		8DFC9BFE2A3BAB9F00295700 /* Preview Content */ = {
			isa = PBXGroup;
			children = (
				8DFC9BFF2A3BAB9F00295700 /* Preview Assets.xcassets */,
			);
			path = "Preview Content";
			sourceTree = "<group>";
		};
/* End PBXGroup section */

/* Begin PBXNativeTarget section */
		8DFC9BF12A3BAB9D00295700 /* Phone Booth */ = {
			isa = PBXNativeTarget;
			buildConfigurationList = 8DFC9C042A3BAB9F00295700 /* Build configuration list for PBXNativeTarget "Phone Booth" */;
			buildPhases = (
				8DFC9BEE2A3BAB9D00295700 /* Sources */,
				8DFC9BEF2A3BAB9D00295700 /* Frameworks */,
				8DFC9BF02A3BAB9D00295700 /* Resources */,
			);
			buildRules = (
			);
			dependencies = (
			);
			name = "Phone Booth";
			productName = "Phone Booth";
			productReference = 8DFC9BF22A3BAB9D00295700 /* Phone Booth.app */;
			productType = "com.apple.product-type.application";
		};
/* End PBXNativeTarget section */

/* Begin PBXProject section */
		8DFC9BEA2A3BAB9D00295700 /* Project object */ = {
			isa = PBXProject;
			attributes = {
				BuildIndependentTargetsInParallel = 1;
				LastSwiftUpdateCheck = 1500;
				LastUpgradeCheck = 1500;
				TargetAttributes = {
					8DFC9BF12A3BAB9D00295700 = {
						CreatedOnToolsVersion = 15.0;
					};
				};
			};
			buildConfigurationList = 8DFC9BED2A3BAB9D00295700 /* Build configuration list for PBXProject "Phone Booth" */;
			compatibilityVersion = "Xcode 14.0";
			developmentRegion = en;
			hasScannedForEncodings = 0;
			knownRegions = (
				en,
				Base,
			);
			mainGroup = 8DFC9BE92A3BAB9D00295700;
			productRefGroup = 8DFC9BF32A3BAB9D00295700 /* Products */;
			projectDirPath = "";
			projectRoot = "";
			targets = (
				8DFC9BF12A3BAB9D00295700 /* Phone Booth */,
			);
		};
/* End PBXProject section */

/* Begin PBXResourcesBuildPhase section */
		8DFC9BF02A3BAB9D00295700 /* Resources */ = {
			isa = PBXResourcesBuildPhase;
			buildActionMask = 2147483647;
			files = (
				8DFC9C002A3BAB9F00295700 /* Preview Assets.xcassets in Resources */,
				8DFC9BFC2A3BAB9F00295700 /* Assets.xcassets in Resources */,
			);
			runOnlyForDeploymentPostprocessing = 0;
		};
/* End PBXResourcesBuildPhase section */

/* Begin PBXSourcesBuildPhase section */
		8DFC9BEE2A3BAB9D00295700 /* Sources */ = {
			isa = PBXSourcesBuildPhase;
			buildActionMask = 2147483647;
			files = (
				8DA80DCD2A462D07007950A6 /* PhoneImage.swift in Sources */,
				8DA80DCC2A4619E3007950A6 /* PhoneDetailView.swift in Sources */,
				8DA80DC92A46190F007950A6 /* HandsetInfoRowView.swift in Sources */,
				8DD8C8922A4CC52900B1A31D /* CordlessHandset.swift in Sources */,
				8DD8C8942A4CC63200B1A31D /* Charger.swift in Sources */,
				8DFC9BF82A3BAB9D00295700 /* Phone.swift in Sources */,
				8DA80DCA2A46192E007950A6 /* PhonePartInfoView.swift in Sources */,
				8DFC9BF62A3BAB9D00295700 /* Phone_BoothApp.swift in Sources */,
				8DA52A262A3D01C500B7546B /* PhoneRowView.swift in Sources */,
				8DA80DCF2A463003007950A6 /* ImageHelpers.swift in Sources */,
				8DB2827E2A4E1E1600348C0E /* NoPhoneSelectedView.swift in Sources */,
				8DB2827C2A4E191200348C0E /* ChargerInfoRowView.swift in Sources */,
				8DFC9BFA2A3BAB9D00295700 /* ContentView.swift in Sources */,
			);
			runOnlyForDeploymentPostprocessing = 0;
		};
/* End PBXSourcesBuildPhase section */

/* Begin XCBuildConfiguration section */
		8DFC9C022A3BAB9F00295700 /* Debug */ = {
			isa = XCBuildConfiguration;
			buildSettings = {
				ALWAYS_SEARCH_USER_PATHS = NO;
				ASSETCATALOG_COMPILER_GENERATE_SWIFT_ASSET_SYMBOL_EXTENSIONS = YES;
				CLANG_ANALYZER_NONNULL = YES;
				CLANG_ANALYZER_NUMBER_OBJECT_CONVERSION = YES_AGGRESSIVE;
				CLANG_CXX_LANGUAGE_STANDARD = "gnu++20";
				CLANG_ENABLE_MODULES = YES;
				CLANG_ENABLE_OBJC_ARC = YES;
				CLANG_ENABLE_OBJC_WEAK = YES;
				CLANG_WARN_BLOCK_CAPTURE_AUTORELEASING = YES;
				CLANG_WARN_BOOL_CONVERSION = YES;
				CLANG_WARN_COMMA = YES;
				CLANG_WARN_CONSTANT_CONVERSION = YES;
				CLANG_WARN_DEPRECATED_OBJC_IMPLEMENTATIONS = YES;
				CLANG_WARN_DIRECT_OBJC_ISA_USAGE = YES_ERROR;
				CLANG_WARN_DOCUMENTATION_COMMENTS = YES;
				CLANG_WARN_EMPTY_BODY = YES;
				CLANG_WARN_ENUM_CONVERSION = YES;
				CLANG_WARN_INFINITE_RECURSION = YES;
				CLANG_WARN_INT_CONVERSION = YES;
				CLANG_WARN_NON_LITERAL_NULL_CONVERSION = YES;
				CLANG_WARN_OBJC_IMPLICIT_RETAIN_SELF = YES;
				CLANG_WARN_OBJC_LITERAL_CONVERSION = YES;
				CLANG_WARN_OBJC_ROOT_CLASS = YES_ERROR;
				CLANG_WARN_QUOTED_INCLUDE_IN_FRAMEWORK_HEADER = YES;
				CLANG_WARN_RANGE_LOOP_ANALYSIS = YES;
				CLANG_WARN_STRICT_PROTOTYPES = YES;
				CLANG_WARN_SUSPICIOUS_MOVE = YES;
				CLANG_WARN_UNGUARDED_AVAILABILITY = YES_AGGRESSIVE;
				CLANG_WARN_UNREACHABLE_CODE = YES;
				CLANG_WARN__DUPLICATE_METHOD_MATCH = YES;
				COPY_PHASE_STRIP = NO;
				DEBUG_INFORMATION_FORMAT = dwarf;
				ENABLE_STRICT_OBJC_MSGSEND = YES;
				ENABLE_TESTABILITY = YES;
				ENABLE_USER_SCRIPT_SANDBOXING = YES;
				GCC_C_LANGUAGE_STANDARD = gnu17;
				GCC_DYNAMIC_NO_PIC = NO;
				GCC_NO_COMMON_BLOCKS = YES;
				GCC_OPTIMIZATION_LEVEL = 0;
				GCC_PREPROCESSOR_DEFINITIONS = (
					"DEBUG=1",
					"$(inherited)",
				);
				GCC_WARN_64_TO_32_BIT_CONVERSION = YES;
				GCC_WARN_ABOUT_RETURN_TYPE = YES_ERROR;
				GCC_WARN_UNDECLARED_SELECTOR = YES;
				GCC_WARN_UNINITIALIZED_AUTOS = YES_AGGRESSIVE;
				GCC_WARN_UNUSED_FUNCTION = YES;
				GCC_WARN_UNUSED_VARIABLE = YES;
				LOCALIZATION_PREFERS_STRING_CATALOGS = YES;
				MTL_ENABLE_DEBUG_INFO = INCLUDE_SOURCE;
				MTL_FAST_MATH = YES;
				ONLY_ACTIVE_ARCH = YES;
				SWIFT_ACTIVE_COMPILATION_CONDITIONS = "DEBUG $(inherited)";
				SWIFT_OPTIMIZATION_LEVEL = "-Onone";
			};
			name = Debug;
		};
		8DFC9C032A3BAB9F00295700 /* Release */ = {
			isa = XCBuildConfiguration;
			buildSettings = {
				ALWAYS_SEARCH_USER_PATHS = NO;
				ASSETCATALOG_COMPILER_GENERATE_SWIFT_ASSET_SYMBOL_EXTENSIONS = YES;
				CLANG_ANALYZER_NONNULL = YES;
				CLANG_ANALYZER_NUMBER_OBJECT_CONVERSION = YES_AGGRESSIVE;
				CLANG_CXX_LANGUAGE_STANDARD = "gnu++20";
				CLANG_ENABLE_MODULES = YES;
				CLANG_ENABLE_OBJC_ARC = YES;
				CLANG_ENABLE_OBJC_WEAK = YES;
				CLANG_WARN_BLOCK_CAPTURE_AUTORELEASING = YES;
				CLANG_WARN_BOOL_CONVERSION = YES;
				CLANG_WARN_COMMA = YES;
				CLANG_WARN_CONSTANT_CONVERSION = YES;
				CLANG_WARN_DEPRECATED_OBJC_IMPLEMENTATIONS = YES;
				CLANG_WARN_DIRECT_OBJC_ISA_USAGE = YES_ERROR;
				CLANG_WARN_DOCUMENTATION_COMMENTS = YES;
				CLANG_WARN_EMPTY_BODY = YES;
				CLANG_WARN_ENUM_CONVERSION = YES;
				CLANG_WARN_INFINITE_RECURSION = YES;
				CLANG_WARN_INT_CONVERSION = YES;
				CLANG_WARN_NON_LITERAL_NULL_CONVERSION = YES;
				CLANG_WARN_OBJC_IMPLICIT_RETAIN_SELF = YES;
				CLANG_WARN_OBJC_LITERAL_CONVERSION = YES;
				CLANG_WARN_OBJC_ROOT_CLASS = YES_ERROR;
				CLANG_WARN_QUOTED_INCLUDE_IN_FRAMEWORK_HEADER = YES;
				CLANG_WARN_RANGE_LOOP_ANALYSIS = YES;
				CLANG_WARN_STRICT_PROTOTYPES = YES;
				CLANG_WARN_SUSPICIOUS_MOVE = YES;
				CLANG_WARN_UNGUARDED_AVAILABILITY = YES_AGGRESSIVE;
				CLANG_WARN_UNREACHABLE_CODE = YES;
				CLANG_WARN__DUPLICATE_METHOD_MATCH = YES;
				COPY_PHASE_STRIP = NO;
				DEBUG_INFORMATION_FORMAT = "dwarf-with-dsym";
				ENABLE_NS_ASSERTIONS = NO;
				ENABLE_STRICT_OBJC_MSGSEND = YES;
				ENABLE_USER_SCRIPT_SANDBOXING = YES;
				GCC_C_LANGUAGE_STANDARD = gnu17;
				GCC_NO_COMMON_BLOCKS = YES;
				GCC_WARN_64_TO_32_BIT_CONVERSION = YES;
				GCC_WARN_ABOUT_RETURN_TYPE = YES_ERROR;
				GCC_WARN_UNDECLARED_SELECTOR = YES;
				GCC_WARN_UNINITIALIZED_AUTOS = YES_AGGRESSIVE;
				GCC_WARN_UNUSED_FUNCTION = YES;
				GCC_WARN_UNUSED_VARIABLE = YES;
				LOCALIZATION_PREFERS_STRING_CATALOGS = YES;
				MTL_ENABLE_DEBUG_INFO = NO;
				MTL_FAST_MATH = YES;
				SWIFT_COMPILATION_MODE = wholemodule;
			};
			name = Release;
		};
		8DFC9C052A3BAB9F00295700 /* Debug */ = {
			isa = XCBuildConfiguration;
			buildSettings = {
				ASSETCATALOG_COMPILER_APPICON_NAME = AppIcon;
				ASSETCATALOG_COMPILER_GLOBAL_ACCENT_COLOR_NAME = AccentColor;
				CODE_SIGN_ENTITLEMENTS = "Phone Booth/Phone_Booth.entitlements";
				CODE_SIGN_STYLE = Automatic;
				CURRENT_PROJECT_VERSION = 925;
				DEVELOPMENT_ASSET_PATHS = "\"Phone Booth/Preview Content\"";
				DEVELOPMENT_TEAM = 3B6G4T54X3;
				ENABLE_HARDENED_RUNTIME = YES;
				ENABLE_PREVIEWS = YES;
				GENERATE_INFOPLIST_FILE = YES;
				INFOPLIST_FILE = "Phone Booth/Info.plist";
				"INFOPLIST_KEY_UIApplicationSceneManifest_Generation[sdk=iphoneos*]" = YES;
				"INFOPLIST_KEY_UIApplicationSceneManifest_Generation[sdk=iphonesimulator*]" = YES;
				"INFOPLIST_KEY_UIApplicationSupportsIndirectInputEvents[sdk=iphoneos*]" = YES;
				"INFOPLIST_KEY_UIApplicationSupportsIndirectInputEvents[sdk=iphonesimulator*]" = YES;
				"INFOPLIST_KEY_UILaunchScreen_Generation[sdk=iphoneos*]" = YES;
				"INFOPLIST_KEY_UILaunchScreen_Generation[sdk=iphonesimulator*]" = YES;
				"INFOPLIST_KEY_UIStatusBarStyle[sdk=iphoneos*]" = UIStatusBarStyleDefault;
				"INFOPLIST_KEY_UIStatusBarStyle[sdk=iphonesimulator*]" = UIStatusBarStyleDefault;
				INFOPLIST_KEY_UISupportedInterfaceOrientations_iPad = "UIInterfaceOrientationPortrait UIInterfaceOrientationPortraitUpsideDown UIInterfaceOrientationLandscapeLeft UIInterfaceOrientationLandscapeRight";
				INFOPLIST_KEY_UISupportedInterfaceOrientations_iPhone = "UIInterfaceOrientationPortrait UIInterfaceOrientationLandscapeLeft UIInterfaceOrientationLandscapeRight";
				IPHONEOS_DEPLOYMENT_TARGET = 17.0;
				LD_RUNPATH_SEARCH_PATHS = "@executable_path/Frameworks";
				"LD_RUNPATH_SEARCH_PATHS[sdk=macosx*]" = "@executable_path/../Frameworks";
				MACOSX_DEPLOYMENT_TARGET = 14.0;
				MARKETING_VERSION = 2023.11;
				PRODUCT_BUNDLE_IDENTIFIER = "com.tylersheft.Phone-Booth";
				PRODUCT_NAME = "$(TARGET_NAME)";
				SDKROOT = auto;
				SUPPORTED_PLATFORMS = "iphoneos iphonesimulator macosx";
				SWIFT_EMIT_LOC_STRINGS = YES;
				SWIFT_VERSION = 5.0;
				TARGETED_DEVICE_FAMILY = "1,2";
			};
			name = Debug;
		};
		8DFC9C062A3BAB9F00295700 /* Release */ = {
			isa = XCBuildConfiguration;
			buildSettings = {
				ASSETCATALOG_COMPILER_APPICON_NAME = AppIcon;
				ASSETCATALOG_COMPILER_GLOBAL_ACCENT_COLOR_NAME = AccentColor;
				CODE_SIGN_ENTITLEMENTS = "Phone Booth/Phone_Booth.entitlements";
				CODE_SIGN_STYLE = Automatic;
				CURRENT_PROJECT_VERSION = 925;
				DEVELOPMENT_ASSET_PATHS = "\"Phone Booth/Preview Content\"";
				DEVELOPMENT_TEAM = 3B6G4T54X3;
				ENABLE_HARDENED_RUNTIME = YES;
				ENABLE_PREVIEWS = YES;
				GENERATE_INFOPLIST_FILE = YES;
				INFOPLIST_FILE = "Phone Booth/Info.plist";
				"INFOPLIST_KEY_UIApplicationSceneManifest_Generation[sdk=iphoneos*]" = YES;
				"INFOPLIST_KEY_UIApplicationSceneManifest_Generation[sdk=iphonesimulator*]" = YES;
				"INFOPLIST_KEY_UIApplicationSupportsIndirectInputEvents[sdk=iphoneos*]" = YES;
				"INFOPLIST_KEY_UIApplicationSupportsIndirectInputEvents[sdk=iphonesimulator*]" = YES;
				"INFOPLIST_KEY_UILaunchScreen_Generation[sdk=iphoneos*]" = YES;
				"INFOPLIST_KEY_UILaunchScreen_Generation[sdk=iphonesimulator*]" = YES;
				"INFOPLIST_KEY_UIStatusBarStyle[sdk=iphoneos*]" = UIStatusBarStyleDefault;
				"INFOPLIST_KEY_UIStatusBarStyle[sdk=iphonesimulator*]" = UIStatusBarStyleDefault;
				INFOPLIST_KEY_UISupportedInterfaceOrientations_iPad = "UIInterfaceOrientationPortrait UIInterfaceOrientationPortraitUpsideDown UIInterfaceOrientationLandscapeLeft UIInterfaceOrientationLandscapeRight";
				INFOPLIST_KEY_UISupportedInterfaceOrientations_iPhone = "UIInterfaceOrientationPortrait UIInterfaceOrientationLandscapeLeft UIInterfaceOrientationLandscapeRight";
				IPHONEOS_DEPLOYMENT_TARGET = 17.0;
				LD_RUNPATH_SEARCH_PATHS = "@executable_path/Frameworks";
				"LD_RUNPATH_SEARCH_PATHS[sdk=macosx*]" = "@executable_path/../Frameworks";
				MACOSX_DEPLOYMENT_TARGET = 14.0;
				MARKETING_VERSION = 2023.11;
				PRODUCT_BUNDLE_IDENTIFIER = "com.tylersheft.Phone-Booth";
				PRODUCT_NAME = "$(TARGET_NAME)";
				SDKROOT = auto;
				SUPPORTED_PLATFORMS = "iphoneos iphonesimulator macosx";
				SWIFT_EMIT_LOC_STRINGS = YES;
				SWIFT_VERSION = 5.0;
				TARGETED_DEVICE_FAMILY = "1,2";
			};
			name = Release;
		};
/* End XCBuildConfiguration section */

/* Begin XCConfigurationList section */
		8DFC9BED2A3BAB9D00295700 /* Build configuration list for PBXProject "Phone Booth" */ = {
			isa = XCConfigurationList;
			buildConfigurations = (
				8DFC9C022A3BAB9F00295700 /* Debug */,
				8DFC9C032A3BAB9F00295700 /* Release */,
			);
			defaultConfigurationIsVisible = 0;
			defaultConfigurationName = Release;
		};
		8DFC9C042A3BAB9F00295700 /* Build configuration list for PBXNativeTarget "Phone Booth" */ = {
			isa = XCConfigurationList;
			buildConfigurations = (
				8DFC9C052A3BAB9F00295700 /* Debug */,
				8DFC9C062A3BAB9F00295700 /* Release */,
			);
			defaultConfigurationIsVisible = 0;
			defaultConfigurationName = Release;
		};
/* End XCConfigurationList section */
	};
	rootObject = 8DFC9BEA2A3BAB9D00295700 /* Project object */;
}
